
Microsoft Visual Studio Solution File, Format Version 12.00
# Visual Studio 15
VisualStudioVersion = 15.0.27130.2027
MinimumVisualStudioVersion = 10.0.40219.1
Project("{FAE04EC0-301F-11D3-BF4B-00C04F79EFBC}") = "WebApplication1", "WebApplication1\WebApplication1.csproj", "{418BDBC8-8D11-47E6-A68A-22C989572B7A}"
EndProject
Project("{FAE04EC0-301F-11D3-BF4B-00C04F79EFBC}") = "WebApplication1.Services", "WebApplication1.Services\WebApplication1.Services.csproj", "{05BF028F-335F-4AC7-8875-09DCABB45C93}"
EndProject
Project("{FAE04EC0-301F-11D3-BF4B-00C04F79EFBC}") = "WebApplication1.Data", "WebApplication1.Data\WebApplication1.Data.csproj", "{93E95889-74C5-4F4B-991E-203E14C83BC2}"
EndProject
Global
	GlobalSection(SolutionConfigurationPlatforms) = preSolution
		Debug|Any CPU = Debug|Any CPU
		Release|Any CPU = Release|Any CPU
	EndGlobalSection
	GlobalSection(ProjectConfigurationPlatforms) = postSolution
		{418BDBC8-8D11-47E6-A68A-22C989572B7A}.Debug|Any CPU.ActiveCfg = Debug|Any CPU
		{418BDBC8-8D11-47E6-A68A-22C989572B7A}.Debug|Any CPU.Build.0 = Debug|Any CPU
		{418BDBC8-8D11-47E6-A68A-22C989572B7A}.Release|Any CPU.ActiveCfg = Release|Any CPU
		{418BDBC8-8D11-47E6-A68A-22C989572B7A}.Release|Any CPU.Build.0 = Release|Any CPU
		{05BF028F-335F-4AC7-8875-09DCABB45C93}.Debug|Any CPU.ActiveCfg = Debug|Any CPU
		{05BF028F-335F-4AC7-8875-09DCABB45C93}.Debug|Any CPU.Build.0 = Debug|Any CPU
		{05BF028F-335F-4AC7-8875-09DCABB45C93}.Release|Any CPU.ActiveCfg = Release|Any CPU
		{05BF028F-335F-4AC7-8875-09DCABB45C93}.Release|Any CPU.Build.0 = Release|Any CPU
		{93E95889-74C5-4F4B-991E-203E14C83BC2}.Debug|Any CPU.ActiveCfg = Debug|Any CPU
		{93E95889-74C5-4F4B-991E-203E14C83BC2}.Debug|Any CPU.Build.0 = Debug|Any CPU
		{93E95889-74C5-4F4B-991E-203E14C83BC2}.Release|Any CPU.ActiveCfg = Release|Any CPU
		{93E95889-74C5-4F4B-991E-203E14C83BC2}.Release|Any CPU.Build.0 = Release|Any CPU
	EndGlobalSection
	GlobalSection(SolutionProperties) = preSolution
		HideSolutionNode = FALSE
	EndGlobalSection
	GlobalSection(ExtensibilityGlobals) = postSolution
		SolutionGuid = {DFA33FF8-FC18-435D-AB21-0BCF69760CBE}
	EndGlobalSection
EndGlobal
