
Microsoft Visual Studio Solution File, Format Version 12.00
# Visual Studio 15
VisualStudioVersion = 15.0.27130.2027
MinimumVisualStudioVersion = 10.0.40219.1
Project("{9A19103F-16F7-4668-BE54-9A1E7A4F7556}") = "WebApplication1", "WebApplication1\WebApplication1.csproj", "{418BDBC8-8D11-47E6-A68A-22C989572B7A}"
EndProject
Project("{9A19103F-16F7-4668-BE54-9A1E7A4F7556}") = "WebApplication1.Data", "WebApplication1.Data\WebApplication1.Data.csproj", "{93E95889-74C5-4F4B-991E-203E14C83BC2}"
EndProject
Project("{9A19103F-16F7-4668-BE54-9A1E7A4F7556}") = "WebApplication1.Test", "WebApplication1.Test\WebApplication1.Test.csproj", "{7E291C7E-05DA-4CE7-9BBD-77E512037085}"
EndProject
Project("{9A19103F-16F7-4668-BE54-9A1E7A4F7556}") = "WebApplication1.Data.Test", "WebApplication1.Data.Test\WebApplication1.Data.Test.csproj", "{3C97483A-F971-4154-A68B-EC588ACB41A9}"
EndProject
Project("{FAE04EC0-301F-11D3-BF4B-00C04F79EFBC}") = "ExecutionStrategyCore", "ExecutionStrategyCore\ExecutionStrategyCore.csproj", "{F13AE0AB-BE60-42A8-A572-B6D59A7EC6DA}"
EndProject
Global
	GlobalSection(SolutionConfigurationPlatforms) = preSolution
		Debug|Any CPU = Debug|Any CPU
		Release|Any CPU = Release|Any CPU
	EndGlobalSection
	GlobalSection(ProjectConfigurationPlatforms) = postSolution
		{418BDBC8-8D11-47E6-A68A-22C989572B7A}.Debug|Any CPU.ActiveCfg = Debug|Any CPU
		{418BDBC8-8D11-47E6-A68A-22C989572B7A}.Debug|Any CPU.Build.0 = Debug|Any CPU
		{418BDBC8-8D11-47E6-A68A-22C989572B7A}.Release|Any CPU.ActiveCfg = Release|Any CPU
		{418BDBC8-8D11-47E6-A68A-22C989572B7A}.Release|Any CPU.Build.0 = Release|Any CPU
		{93E95889-74C5-4F4B-991E-203E14C83BC2}.Debug|Any CPU.ActiveCfg = Debug|Any CPU
		{93E95889-74C5-4F4B-991E-203E14C83BC2}.Debug|Any CPU.Build.0 = Debug|Any CPU
		{93E95889-74C5-4F4B-991E-203E14C83BC2}.Release|Any CPU.ActiveCfg = Release|Any CPU
		{93E95889-74C5-4F4B-991E-203E14C83BC2}.Release|Any CPU.Build.0 = Release|Any CPU
		{7E291C7E-05DA-4CE7-9BBD-77E512037085}.Debug|Any CPU.ActiveCfg = Debug|Any CPU
		{7E291C7E-05DA-4CE7-9BBD-77E512037085}.Debug|Any CPU.Build.0 = Debug|Any CPU
		{7E291C7E-05DA-4CE7-9BBD-77E512037085}.Release|Any CPU.ActiveCfg = Release|Any CPU
		{7E291C7E-05DA-4CE7-9BBD-77E512037085}.Release|Any CPU.Build.0 = Release|Any CPU
		{3C97483A-F971-4154-A68B-EC588ACB41A9}.Debug|Any CPU.ActiveCfg = Debug|Any CPU
		{3C97483A-F971-4154-A68B-EC588ACB41A9}.Debug|Any CPU.Build.0 = Debug|Any CPU
		{3C97483A-F971-4154-A68B-EC588ACB41A9}.Release|Any CPU.ActiveCfg = Release|Any CPU
		{3C97483A-F971-4154-A68B-EC588ACB41A9}.Release|Any CPU.Build.0 = Release|Any CPU
		{F13AE0AB-BE60-42A8-A572-B6D59A7EC6DA}.Debug|Any CPU.ActiveCfg = Debug|Any CPU
		{F13AE0AB-BE60-42A8-A572-B6D59A7EC6DA}.Debug|Any CPU.Build.0 = Debug|Any CPU
		{F13AE0AB-BE60-42A8-A572-B6D59A7EC6DA}.Release|Any CPU.ActiveCfg = Release|Any CPU
		{F13AE0AB-BE60-42A8-A572-B6D59A7EC6DA}.Release|Any CPU.Build.0 = Release|Any CPU
	EndGlobalSection
	GlobalSection(SolutionProperties) = preSolution
		HideSolutionNode = FALSE
	EndGlobalSection
	GlobalSection(ExtensibilityGlobals) = postSolution
		SolutionGuid = {DFA33FF8-FC18-435D-AB21-0BCF69760CBE}
	EndGlobalSection
EndGlobal
